
Microsoft Visual Studio Solution File, Format Version 12.00
# Visual Studio Version 17
VisualStudioVersion = 17.0.31717.71
MinimumVisualStudioVersion = 10.0.40219.1
Project("{FAE04EC0-301F-11D3-BF4B-00C04F79EFBC}") = "GithubX.UWP", "GithubX\GithubX.UWP\GithubX.UWP.csproj", "{0BDA56A9-153E-4C8D-94DE-3861D177D51B}"
EndProject
Project("{FAE04EC0-301F-11D3-BF4B-00C04F79EFBC}") = "GithubX.UWP.Background", "GithubX\GithubX.UWP.Background\GithubX.UWP.Background.csproj", "{183833DD-36A9-4126-9D99-D9531581877C}"
EndProject
Project("{9A19103F-16F7-4668-BE54-9A1E7A4F7556}") = "GithubX.Core", "GithubX\GithubX.Core\GithubX.Core.csproj", "{AF6565D4-CF38-4C88-A5E5-2340B35DA1C2}"
EndProject
Project("{9A19103F-16F7-4668-BE54-9A1E7A4F7556}") = "GithubX.Localization", "GithubX\GithubX.Localization\GithubX.Localization.csproj", "{5F3204C9-6582-4070-8C15-0280F77D17A7}"
EndProject
Project("{9A19103F-16F7-4668-BE54-9A1E7A4F7556}") = "MvvmCross.Platform", "GithubX\MvvmCross.Platform\MvvmCross.Platform.csproj", "{985132B9-B0CF-4D1B-8116-E2D7923F412F}"
EndProject
Project("{9A19103F-16F7-4668-BE54-9A1E7A4F7556}") = "MvvmCross.Core", "GithubX\MvvmCross.Core\MvvmCross.Core.csproj", "{2F91772B-1937-4556-8953-9AC5613F6989}"
EndProject
Project("{9A19103F-16F7-4668-BE54-9A1E7A4F7556}") = "MvvmCross.Plugins.Messenger", "GithubX\MvvmCross-Plugins\Messenger\MvvmCross.Plugins.Messenger\MvvmCross.Plugins.Messenger.csproj", "{D07BA80F-2E64-40B0-B04F-983A769C223F}"
EndProject
Project("{9A19103F-16F7-4668-BE54-9A1E7A4F7556}") = "MvvmCross.Plugins.File", "GithubX\MvvmCross-Plugins\File\MvvmCross.Plugins.File\MvvmCross.Plugins.File.csproj", "{17389848-D39D-45B4-B7B1-6CF71184DC19}"
EndProject
Project("{9A19103F-16F7-4668-BE54-9A1E7A4F7556}") = "MvvmCross.Binding", "GithubX\Binding\MvvmCross.Binding.csproj", "{A5D5BC5B-35BA-4AC4-B427-F43FB170CC8E}"
EndProject
Project("{9A19103F-16F7-4668-BE54-9A1E7A4F7556}") = "MvvmCross.Localization", "GithubX\Localization\MvvmCross.Localization.csproj", "{8147C3B9-E32F-4329-90D7-6EC5973E4DE7}"
EndProject
Project("{FAE04EC0-301F-11D3-BF4B-00C04F79EFBC}") = "MvvmCross.WindowsUWP", "GithubX\MvvmCross.WindowsUWP\MvvmCross.WindowsUWP.csproj", "{C7E12CDD-6370-426A-8907-0ED6AF353F79}"
EndProject
Global
	GlobalSection(SolutionConfigurationPlatforms) = preSolution
		Debug|Any CPU = Debug|Any CPU
		Debug|ARM = Debug|ARM
		Debug|x64 = Debug|x64
		Debug|x86 = Debug|x86
		Release|Any CPU = Release|Any CPU
		Release|ARM = Release|ARM
		Release|x64 = Release|x64
		Release|x86 = Release|x86
	EndGlobalSection
	GlobalSection(ProjectConfigurationPlatforms) = postSolution
		{0BDA56A9-153E-4C8D-94DE-3861D177D51B}.Debug|Any CPU.ActiveCfg = Debug|x86
		{0BDA56A9-153E-4C8D-94DE-3861D177D51B}.Debug|Any CPU.Build.0 = Debug|x86
		{0BDA56A9-153E-4C8D-94DE-3861D177D51B}.Debug|Any CPU.Deploy.0 = Debug|x86
		{0BDA56A9-153E-4C8D-94DE-3861D177D51B}.Debug|ARM.ActiveCfg = Debug|ARM
		{0BDA56A9-153E-4C8D-94DE-3861D177D51B}.Debug|ARM.Build.0 = Debug|ARM
		{0BDA56A9-153E-4C8D-94DE-3861D177D51B}.Debug|ARM.Deploy.0 = Debug|ARM
		{0BDA56A9-153E-4C8D-94DE-3861D177D51B}.Debug|x64.ActiveCfg = Debug|x64
		{0BDA56A9-153E-4C8D-94DE-3861D177D51B}.Debug|x64.Build.0 = Debug|x64
		{0BDA56A9-153E-4C8D-94DE-3861D177D51B}.Debug|x64.Deploy.0 = Debug|x64
		{0BDA56A9-153E-4C8D-94DE-3861D177D51B}.Debug|x86.ActiveCfg = Debug|x86
		{0BDA56A9-153E-4C8D-94DE-3861D177D51B}.Debug|x86.Build.0 = Debug|x86
		{0BDA56A9-153E-4C8D-94DE-3861D177D51B}.Debug|x86.Deploy.0 = Debug|x86
		{0BDA56A9-153E-4C8D-94DE-3861D177D51B}.Release|Any CPU.ActiveCfg = Release|x86
		{0BDA56A9-153E-4C8D-94DE-3861D177D51B}.Release|ARM.ActiveCfg = Release|ARM
		{0BDA56A9-153E-4C8D-94DE-3861D177D51B}.Release|ARM.Build.0 = Release|ARM
		{0BDA56A9-153E-4C8D-94DE-3861D177D51B}.Release|ARM.Deploy.0 = Release|ARM
		{0BDA56A9-153E-4C8D-94DE-3861D177D51B}.Release|x64.ActiveCfg = Release|x64
		{0BDA56A9-153E-4C8D-94DE-3861D177D51B}.Release|x64.Build.0 = Release|x64
		{0BDA56A9-153E-4C8D-94DE-3861D177D51B}.Release|x64.Deploy.0 = Release|x64
		{0BDA56A9-153E-4C8D-94DE-3861D177D51B}.Release|x86.ActiveCfg = Release|x86
		{0BDA56A9-153E-4C8D-94DE-3861D177D51B}.Release|x86.Build.0 = Release|x86
		{0BDA56A9-153E-4C8D-94DE-3861D177D51B}.Release|x86.Deploy.0 = Release|x86
		{183833DD-36A9-4126-9D99-D9531581877C}.Debug|Any CPU.ActiveCfg = Debug|Any CPU
		{183833DD-36A9-4126-9D99-D9531581877C}.Debug|Any CPU.Build.0 = Debug|Any CPU
		{183833DD-36A9-4126-9D99-D9531581877C}.Debug|ARM.ActiveCfg = Debug|ARM
		{183833DD-36A9-4126-9D99-D9531581877C}.Debug|ARM.Build.0 = Debug|ARM
		{183833DD-36A9-4126-9D99-D9531581877C}.Debug|x64.ActiveCfg = Debug|x64
		{183833DD-36A9-4126-9D99-D9531581877C}.Debug|x64.Build.0 = Debug|x64
		{183833DD-36A9-4126-9D99-D9531581877C}.Debug|x86.ActiveCfg = Debug|x86
		{183833DD-36A9-4126-9D99-D9531581877C}.Debug|x86.Build.0 = Debug|x86
		{183833DD-36A9-4126-9D99-D9531581877C}.Release|Any CPU.ActiveCfg = Release|Any CPU
		{183833DD-36A9-4126-9D99-D9531581877C}.Release|Any CPU.Build.0 = Release|Any CPU
		{183833DD-36A9-4126-9D99-D9531581877C}.Release|ARM.ActiveCfg = Release|ARM
		{183833DD-36A9-4126-9D99-D9531581877C}.Release|ARM.Build.0 = Release|ARM
		{183833DD-36A9-4126-9D99-D9531581877C}.Release|x64.ActiveCfg = Release|x64
		{183833DD-36A9-4126-9D99-D9531581877C}.Release|x64.Build.0 = Release|x64
		{183833DD-36A9-4126-9D99-D9531581877C}.Release|x86.ActiveCfg = Release|x86
		{183833DD-36A9-4126-9D99-D9531581877C}.Release|x86.Build.0 = Release|x86
		{AF6565D4-CF38-4C88-A5E5-2340B35DA1C2}.Debug|Any CPU.ActiveCfg = Debug|Any CPU
		{AF6565D4-CF38-4C88-A5E5-2340B35DA1C2}.Debug|Any CPU.Build.0 = Debug|Any CPU
		{AF6565D4-CF38-4C88-A5E5-2340B35DA1C2}.Debug|ARM.ActiveCfg = Debug|Any CPU
		{AF6565D4-CF38-4C88-A5E5-2340B35DA1C2}.Debug|ARM.Build.0 = Debug|Any CPU
		{AF6565D4-CF38-4C88-A5E5-2340B35DA1C2}.Debug|x64.ActiveCfg = Debug|Any CPU
		{AF6565D4-CF38-4C88-A5E5-2340B35DA1C2}.Debug|x64.Build.0 = Debug|Any CPU
		{AF6565D4-CF38-4C88-A5E5-2340B35DA1C2}.Debug|x86.ActiveCfg = Debug|Any CPU
		{AF6565D4-CF38-4C88-A5E5-2340B35DA1C2}.Debug|x86.Build.0 = Debug|Any CPU
		{AF6565D4-CF38-4C88-A5E5-2340B35DA1C2}.Release|Any CPU.ActiveCfg = Release|Any CPU
		{AF6565D4-CF38-4C88-A5E5-2340B35DA1C2}.Release|Any CPU.Build.0 = Release|Any CPU
		{AF6565D4-CF38-4C88-A5E5-2340B35DA1C2}.Release|ARM.ActiveCfg = Release|Any CPU
		{AF6565D4-CF38-4C88-A5E5-2340B35DA1C2}.Release|ARM.Build.0 = Release|Any CPU
		{AF6565D4-CF38-4C88-A5E5-2340B35DA1C2}.Release|x64.ActiveCfg = Release|Any CPU
		{AF6565D4-CF38-4C88-A5E5-2340B35DA1C2}.Release|x64.Build.0 = Release|Any CPU
		{AF6565D4-CF38-4C88-A5E5-2340B35DA1C2}.Release|x86.ActiveCfg = Release|Any CPU
		{AF6565D4-CF38-4C88-A5E5-2340B35DA1C2}.Release|x86.Build.0 = Release|Any CPU
		{5F3204C9-6582-4070-8C15-0280F77D17A7}.Debug|Any CPU.ActiveCfg = Debug|Any CPU
		{5F3204C9-6582-4070-8C15-0280F77D17A7}.Debug|Any CPU.Build.0 = Debug|Any CPU
		{5F3204C9-6582-4070-8C15-0280F77D17A7}.Debug|ARM.ActiveCfg = Debug|Any CPU
		{5F3204C9-6582-4070-8C15-0280F77D17A7}.Debug|ARM.Build.0 = Debug|Any CPU
		{5F3204C9-6582-4070-8C15-0280F77D17A7}.Debug|x64.ActiveCfg = Debug|Any CPU
		{5F3204C9-6582-4070-8C15-0280F77D17A7}.Debug|x64.Build.0 = Debug|Any CPU
		{5F3204C9-6582-4070-8C15-0280F77D17A7}.Debug|x86.ActiveCfg = Debug|Any CPU
		{5F3204C9-6582-4070-8C15-0280F77D17A7}.Debug|x86.Build.0 = Debug|Any CPU
		{5F3204C9-6582-4070-8C15-0280F77D17A7}.Release|Any CPU.ActiveCfg = Release|Any CPU
		{5F3204C9-6582-4070-8C15-0280F77D17A7}.Release|Any CPU.Build.0 = Release|Any CPU
		{5F3204C9-6582-4070-8C15-0280F77D17A7}.Release|ARM.ActiveCfg = Release|Any CPU
		{5F3204C9-6582-4070-8C15-0280F77D17A7}.Release|ARM.Build.0 = Release|Any CPU
		{5F3204C9-6582-4070-8C15-0280F77D17A7}.Release|x64.ActiveCfg = Release|Any CPU
		{5F3204C9-6582-4070-8C15-0280F77D17A7}.Release|x64.Build.0 = Release|Any CPU
		{5F3204C9-6582-4070-8C15-0280F77D17A7}.Release|x86.ActiveCfg = Release|Any CPU
		{5F3204C9-6582-4070-8C15-0280F77D17A7}.Release|x86.Build.0 = Release|Any CPU
		{985132B9-B0CF-4D1B-8116-E2D7923F412F}.Debug|Any CPU.ActiveCfg = Debug|Any CPU
		{985132B9-B0CF-4D1B-8116-E2D7923F412F}.Debug|Any CPU.Build.0 = Debug|Any CPU
		{985132B9-B0CF-4D1B-8116-E2D7923F412F}.Debug|ARM.ActiveCfg = Debug|Any CPU
		{985132B9-B0CF-4D1B-8116-E2D7923F412F}.Debug|ARM.Build.0 = Debug|Any CPU
		{985132B9-B0CF-4D1B-8116-E2D7923F412F}.Debug|x64.ActiveCfg = Debug|Any CPU
		{985132B9-B0CF-4D1B-8116-E2D7923F412F}.Debug|x64.Build.0 = Debug|Any CPU
		{985132B9-B0CF-4D1B-8116-E2D7923F412F}.Debug|x86.ActiveCfg = Debug|Any CPU
		{985132B9-B0CF-4D1B-8116-E2D7923F412F}.Debug|x86.Build.0 = Debug|Any CPU
		{985132B9-B0CF-4D1B-8116-E2D7923F412F}.Release|Any CPU.ActiveCfg = Release|Any CPU
		{985132B9-B0CF-4D1B-8116-E2D7923F412F}.Release|Any CPU.Build.0 = Release|Any CPU
		{985132B9-B0CF-4D1B-8116-E2D7923F412F}.Release|ARM.ActiveCfg = Release|Any CPU
		{985132B9-B0CF-4D1B-8116-E2D7923F412F}.Release|ARM.Build.0 = Release|Any CPU
		{985132B9-B0CF-4D1B-8116-E2D7923F412F}.Release|x64.ActiveCfg = Release|Any CPU
		{985132B9-B0CF-4D1B-8116-E2D7923F412F}.Release|x64.Build.0 = Release|Any CPU
		{985132B9-B0CF-4D1B-8116-E2D7923F412F}.Release|x86.ActiveCfg = Release|Any CPU
		{985132B9-B0CF-4D1B-8116-E2D7923F412F}.Release|x86.Build.0 = Release|Any CPU
		{2F91772B-1937-4556-8953-9AC5613F6989}.Debug|Any CPU.ActiveCfg = Debug|Any CPU
		{2F91772B-1937-4556-8953-9AC5613F6989}.Debug|Any CPU.Build.0 = Debug|Any CPU
		{2F91772B-1937-4556-8953-9AC5613F6989}.Debug|ARM.ActiveCfg = Debug|Any CPU
		{2F91772B-1937-4556-8953-9AC5613F6989}.Debug|ARM.Build.0 = Debug|Any CPU
		{2F91772B-1937-4556-8953-9AC5613F6989}.Debug|x64.ActiveCfg = Debug|Any CPU
		{2F91772B-1937-4556-8953-9AC5613F6989}.Debug|x64.Build.0 = Debug|Any CPU
		{2F91772B-1937-4556-8953-9AC5613F6989}.Debug|x86.ActiveCfg = Debug|Any CPU
		{2F91772B-1937-4556-8953-9AC5613F6989}.Debug|x86.Build.0 = Debug|Any CPU
		{2F91772B-1937-4556-8953-9AC5613F6989}.Release|Any CPU.ActiveCfg = Release|Any CPU
		{2F91772B-1937-4556-8953-9AC5613F6989}.Release|Any CPU.Build.0 = Release|Any CPU
		{2F91772B-1937-4556-8953-9AC5613F6989}.Release|ARM.ActiveCfg = Release|Any CPU
		{2F91772B-1937-4556-8953-9AC5613F6989}.Release|ARM.Build.0 = Release|Any CPU
		{2F91772B-1937-4556-8953-9AC5613F6989}.Release|x64.ActiveCfg = Release|Any CPU
		{2F91772B-1937-4556-8953-9AC5613F6989}.Release|x64.Build.0 = Release|Any CPU
		{2F91772B-1937-4556-8953-9AC5613F6989}.Release|x86.ActiveCfg = Release|Any CPU
		{2F91772B-1937-4556-8953-9AC5613F6989}.Release|x86.Build.0 = Release|Any CPU
		{D07BA80F-2E64-40B0-B04F-983A769C223F}.Debug|Any CPU.ActiveCfg = Debug|Any CPU
		{D07BA80F-2E64-40B0-B04F-983A769C223F}.Debug|Any CPU.Build.0 = Debug|Any CPU
		{D07BA80F-2E64-40B0-B04F-983A769C223F}.Debug|ARM.ActiveCfg = Debug|Any CPU
		{D07BA80F-2E64-40B0-B04F-983A769C223F}.Debug|ARM.Build.0 = Debug|Any CPU
		{D07BA80F-2E64-40B0-B04F-983A769C223F}.Debug|x64.ActiveCfg = Debug|Any CPU
		{D07BA80F-2E64-40B0-B04F-983A769C223F}.Debug|x64.Build.0 = Debug|Any CPU
		{D07BA80F-2E64-40B0-B04F-983A769C223F}.Debug|x86.ActiveCfg = Debug|Any CPU
		{D07BA80F-2E64-40B0-B04F-983A769C223F}.Debug|x86.Build.0 = Debug|Any CPU
		{D07BA80F-2E64-40B0-B04F-983A769C223F}.Release|Any CPU.ActiveCfg = Release|Any CPU
		{D07BA80F-2E64-40B0-B04F-983A769C223F}.Release|Any CPU.Build.0 = Release|Any CPU
		{D07BA80F-2E64-40B0-B04F-983A769C223F}.Release|ARM.ActiveCfg = Release|Any CPU
		{D07BA80F-2E64-40B0-B04F-983A769C223F}.Release|ARM.Build.0 = Release|Any CPU
		{D07BA80F-2E64-40B0-B04F-983A769C223F}.Release|x64.ActiveCfg = Release|Any CPU
		{D07BA80F-2E64-40B0-B04F-983A769C223F}.Release|x64.Build.0 = Release|Any CPU
		{D07BA80F-2E64-40B0-B04F-983A769C223F}.Release|x86.ActiveCfg = Release|Any CPU
		{D07BA80F-2E64-40B0-B04F-983A769C223F}.Release|x86.Build.0 = Release|Any CPU
		{17389848-D39D-45B4-B7B1-6CF71184DC19}.Debug|Any CPU.ActiveCfg = Debug|Any CPU
		{17389848-D39D-45B4-B7B1-6CF71184DC19}.Debug|Any CPU.Build.0 = Debug|Any CPU
		{17389848-D39D-45B4-B7B1-6CF71184DC19}.Debug|ARM.ActiveCfg = Debug|Any CPU
		{17389848-D39D-45B4-B7B1-6CF71184DC19}.Debug|ARM.Build.0 = Debug|Any CPU
		{17389848-D39D-45B4-B7B1-6CF71184DC19}.Debug|x64.ActiveCfg = Debug|Any CPU
		{17389848-D39D-45B4-B7B1-6CF71184DC19}.Debug|x64.Build.0 = Debug|Any CPU
		{17389848-D39D-45B4-B7B1-6CF71184DC19}.Debug|x86.ActiveCfg = Debug|Any CPU
		{17389848-D39D-45B4-B7B1-6CF71184DC19}.Debug|x86.Build.0 = Debug|Any CPU
		{17389848-D39D-45B4-B7B1-6CF71184DC19}.Release|Any CPU.ActiveCfg = Release|Any CPU
		{17389848-D39D-45B4-B7B1-6CF71184DC19}.Release|Any CPU.Build.0 = Release|Any CPU
		{17389848-D39D-45B4-B7B1-6CF71184DC19}.Release|ARM.ActiveCfg = Release|Any CPU
		{17389848-D39D-45B4-B7B1-6CF71184DC19}.Release|ARM.Build.0 = Release|Any CPU
		{17389848-D39D-45B4-B7B1-6CF71184DC19}.Release|x64.ActiveCfg = Release|Any CPU
		{17389848-D39D-45B4-B7B1-6CF71184DC19}.Release|x64.Build.0 = Release|Any CPU
		{17389848-D39D-45B4-B7B1-6CF71184DC19}.Release|x86.ActiveCfg = Release|Any CPU
		{17389848-D39D-45B4-B7B1-6CF71184DC19}.Release|x86.Build.0 = Release|Any CPU
		{A5D5BC5B-35BA-4AC4-B427-F43FB170CC8E}.Debug|Any CPU.ActiveCfg = Debug|Any CPU
		{A5D5BC5B-35BA-4AC4-B427-F43FB170CC8E}.Debug|Any CPU.Build.0 = Debug|Any CPU
		{A5D5BC5B-35BA-4AC4-B427-F43FB170CC8E}.Debug|ARM.ActiveCfg = Debug|Any CPU
		{A5D5BC5B-35BA-4AC4-B427-F43FB170CC8E}.Debug|ARM.Build.0 = Debug|Any CPU
		{A5D5BC5B-35BA-4AC4-B427-F43FB170CC8E}.Debug|x64.ActiveCfg = Debug|Any CPU
		{A5D5BC5B-35BA-4AC4-B427-F43FB170CC8E}.Debug|x64.Build.0 = Debug|Any CPU
		{A5D5BC5B-35BA-4AC4-B427-F43FB170CC8E}.Debug|x86.ActiveCfg = Debug|Any CPU
		{A5D5BC5B-35BA-4AC4-B427-F43FB170CC8E}.Debug|x86.Build.0 = Debug|Any CPU
		{A5D5BC5B-35BA-4AC4-B427-F43FB170CC8E}.Release|Any CPU.ActiveCfg = Release|Any CPU
		{A5D5BC5B-35BA-4AC4-B427-F43FB170CC8E}.Release|Any CPU.Build.0 = Release|Any CPU
		{A5D5BC5B-35BA-4AC4-B427-F43FB170CC8E}.Release|ARM.ActiveCfg = Release|Any CPU
		{A5D5BC5B-35BA-4AC4-B427-F43FB170CC8E}.Release|ARM.Build.0 = Release|Any CPU
		{A5D5BC5B-35BA-4AC4-B427-F43FB170CC8E}.Release|x64.ActiveCfg = Release|Any CPU
		{A5D5BC5B-35BA-4AC4-B427-F43FB170CC8E}.Release|x64.Build.0 = Release|Any CPU
		{A5D5BC5B-35BA-4AC4-B427-F43FB170CC8E}.Release|x86.ActiveCfg = Release|Any CPU
		{A5D5BC5B-35BA-4AC4-B427-F43FB170CC8E}.Release|x86.Build.0 = Release|Any CPU
		{8147C3B9-E32F-4329-90D7-6EC5973E4DE7}.Debug|Any CPU.ActiveCfg = Debug|Any CPU
		{8147C3B9-E32F-4329-90D7-6EC5973E4DE7}.Debug|Any CPU.Build.0 = Debug|Any CPU
		{8147C3B9-E32F-4329-90D7-6EC5973E4DE7}.Debug|ARM.ActiveCfg = Debug|Any CPU
		{8147C3B9-E32F-4329-90D7-6EC5973E4DE7}.Debug|ARM.Build.0 = Debug|Any CPU
		{8147C3B9-E32F-4329-90D7-6EC5973E4DE7}.Debug|x64.ActiveCfg = Debug|Any CPU
		{8147C3B9-E32F-4329-90D7-6EC5973E4DE7}.Debug|x64.Build.0 = Debug|Any CPU
		{8147C3B9-E32F-4329-90D7-6EC5973E4DE7}.Debug|x86.ActiveCfg = Debug|Any CPU
		{8147C3B9-E32F-4329-90D7-6EC5973E4DE7}.Debug|x86.Build.0 = Debug|Any CPU
		{8147C3B9-E32F-4329-90D7-6EC5973E4DE7}.Release|Any CPU.ActiveCfg = Release|Any CPU
		{8147C3B9-E32F-4329-90D7-6EC5973E4DE7}.Release|Any CPU.Build.0 = Release|Any CPU
		{8147C3B9-E32F-4329-90D7-6EC5973E4DE7}.Release|ARM.ActiveCfg = Release|Any CPU
		{8147C3B9-E32F-4329-90D7-6EC5973E4DE7}.Release|ARM.Build.0 = Release|Any CPU
		{8147C3B9-E32F-4329-90D7-6EC5973E4DE7}.Release|x64.ActiveCfg = Release|Any CPU
		{8147C3B9-E32F-4329-90D7-6EC5973E4DE7}.Release|x64.Build.0 = Release|Any CPU
		{8147C3B9-E32F-4329-90D7-6EC5973E4DE7}.Release|x86.ActiveCfg = Release|Any CPU
		{8147C3B9-E32F-4329-90D7-6EC5973E4DE7}.Release|x86.Build.0 = Release|Any CPU
		{C7E12CDD-6370-426A-8907-0ED6AF353F79}.Debug|Any CPU.ActiveCfg = Debug|Any CPU
		{C7E12CDD-6370-426A-8907-0ED6AF353F79}.Debug|Any CPU.Build.0 = Debug|Any CPU
		{C7E12CDD-6370-426A-8907-0ED6AF353F79}.Debug|ARM.ActiveCfg = Debug|ARM
		{C7E12CDD-6370-426A-8907-0ED6AF353F79}.Debug|ARM.Build.0 = Debug|ARM
		{C7E12CDD-6370-426A-8907-0ED6AF353F79}.Debug|x64.ActiveCfg = Debug|x64
		{C7E12CDD-6370-426A-8907-0ED6AF353F79}.Debug|x64.Build.0 = Debug|x64
		{C7E12CDD-6370-426A-8907-0ED6AF353F79}.Debug|x86.ActiveCfg = Debug|x86
		{C7E12CDD-6370-426A-8907-0ED6AF353F79}.Debug|x86.Build.0 = Debug|x86
		{C7E12CDD-6370-426A-8907-0ED6AF353F79}.Release|Any CPU.ActiveCfg = Release|Any CPU
		{C7E12CDD-6370-426A-8907-0ED6AF353F79}.Release|Any CPU.Build.0 = Release|Any CPU
		{C7E12CDD-6370-426A-8907-0ED6AF353F79}.Release|ARM.ActiveCfg = Release|ARM
		{C7E12CDD-6370-426A-8907-0ED6AF353F79}.Release|ARM.Build.0 = Release|ARM
		{C7E12CDD-6370-426A-8907-0ED6AF353F79}.Release|x64.ActiveCfg = Release|x64
		{C7E12CDD-6370-426A-8907-0ED6AF353F79}.Release|x64.Build.0 = Release|x64
		{C7E12CDD-6370-426A-8907-0ED6AF353F79}.Release|x86.ActiveCfg = Release|x86
		{C7E12CDD-6370-426A-8907-0ED6AF353F79}.Release|x86.Build.0 = Release|x86
	EndGlobalSection
	GlobalSection(SolutionProperties) = preSolution
		HideSolutionNode = FALSE
	EndGlobalSection
	GlobalSection(ExtensibilityGlobals) = postSolution
		SolutionGuid = {D5763A31-8D71-49C9-B691-DEA663288295}
	EndGlobalSection
EndGlobal
